
Microsoft Visual Studio Solution File, Format Version 12.00
# Visual Studio Version 18
VisualStudioVersion = 18.5.11723.231 stable
MinimumVisualStudioVersion = 10.0.40219.1
Project("{FAE04EC0-301F-11D3-BF4B-00C04F79EFBC}") = "ITBookingSystem", "ITBookingSystem.csproj", "{F5020A2A-DC2A-28ED-688F-D00AE9E45F63}"
EndProject
Global
	GlobalSection(SolutionConfigurationPlatforms) = preSolution
		Debug|Any CPU = Debug|Any CPU
		Release|Any CPU = Release|Any CPU
	EndGlobalSection
	GlobalSection(ProjectConfigurationPlatforms) = postSolution
		{F5020A2A-DC2A-28ED-688F-D00AE9E45F63}.Debug|Any CPU.ActiveCfg = Debug|Any CPU
		{F5020A2A-DC2A-28ED-688F-D00AE9E45F63}.Debug|Any CPU.Build.0 = Debug|Any CPU
		{F5020A2A-DC2A-28ED-688F-D00AE9E45F63}.Release|Any CPU.ActiveCfg = Release|Any CPU
		{F5020A2A-DC2A-28ED-688F-D00AE9E45F63}.Release|Any CPU.Build.0 = Release|Any CPU
	EndGlobalSection
	GlobalSection(SolutionProperties) = preSolution
		HideSolutionNode = FALSE
	EndGlobalSection
	GlobalSection(ExtensibilityGlobals) = postSolution
		SolutionGuid = {581E5C38-2F0E-4A56-9C3E-ECA2DA22E50E}
	EndGlobalSection
EndGlobal
